{
  "dependencies": {
    "simplesmtp": {
      "version": "0.1.25",
      "dependencies": {
        "rai": {
          "version": "0.1.7"
        },
        "xoauth2": {
          "version": "0.1.8"
        }
      }
    },
    "mailcomposer": {
      "version": "0.1.15",
      "dependencies": {
        "mimelib-noiconv": {
          "version": "0.1.9"
        }
      }
    },
    "stream-buffers": {
      "version": "0.2.3"
    }
  }
}
